
Microsoft Visual Studio Solution File, Format Version 12.00
# Visual Studio Version 17
VisualStudioVersion = 17.0.31903.59
MinimumVisualStudioVersion = 10.0.40219.1
Project("{2150E333-8FDC-42A3-9474-1A3956D46DE8}") = "src", "src", "{F4FD3983-AA13-45D4-9D98-5C188FCA3EBD}"
EndProject
Project("{FAE04EC0-301F-11D3-BF4B-00C04F79EFBC}") = "SimpleAPI", "src\SimpleAPI\SimpleAPI.csproj", "{F3E7652C-EDC3-427D-A1CB-F3EBE79FA608}"
EndProject
Project("{2150E333-8FDC-42A3-9474-1A3956D46DE8}") = "test", "test", "{5A5EDD4B-F233-43EC-9B07-EBB5818BBB68}"
EndProject
Project("{FAE04EC0-301F-11D3-BF4B-00C04F79EFBC}") = "SimpleAPI.Tests", "test\SimpleAPI.Tests\SimpleAPI.Tests.csproj", "{190803FA-C04C-4929-8E08-7C4015FED7D9}"
EndProject
Global
	GlobalSection(SolutionConfigurationPlatforms) = preSolution
		Debug|Any CPU = Debug|Any CPU
		Release|Any CPU = Release|Any CPU
	EndGlobalSection
	GlobalSection(SolutionProperties) = preSolution
		HideSolutionNode = FALSE
	EndGlobalSection
	GlobalSection(ProjectConfigurationPlatforms) = postSolution
		{F3E7652C-EDC3-427D-A1CB-F3EBE79FA608}.Debug|Any CPU.ActiveCfg = Debug|Any CPU
		{F3E7652C-EDC3-427D-A1CB-F3EBE79FA608}.Debug|Any CPU.Build.0 = Debug|Any CPU
		{F3E7652C-EDC3-427D-A1CB-F3EBE79FA608}.Release|Any CPU.ActiveCfg = Release|Any CPU
		{F3E7652C-EDC3-427D-A1CB-F3EBE79FA608}.Release|Any CPU.Build.0 = Release|Any CPU
		{190803FA-C04C-4929-8E08-7C4015FED7D9}.Debug|Any CPU.ActiveCfg = Debug|Any CPU
		{190803FA-C04C-4929-8E08-7C4015FED7D9}.Debug|Any CPU.Build.0 = Debug|Any CPU
		{190803FA-C04C-4929-8E08-7C4015FED7D9}.Release|Any CPU.ActiveCfg = Release|Any CPU
		{190803FA-C04C-4929-8E08-7C4015FED7D9}.Release|Any CPU.Build.0 = Release|Any CPU
	EndGlobalSection
	GlobalSection(NestedProjects) = preSolution
		{F3E7652C-EDC3-427D-A1CB-F3EBE79FA608} = {F4FD3983-AA13-45D4-9D98-5C188FCA3EBD}
		{190803FA-C04C-4929-8E08-7C4015FED7D9} = {5A5EDD4B-F233-43EC-9B07-EBB5818BBB68}
	EndGlobalSection
EndGlobal
